# Run ./gradlew --write-locks to regenerate this file
com.google.api.grpc:proto-google-common-protos:1.17.0 (1 constraints: 070ae1b3)
com.google.code.findbugs:jsr305:3.0.2 (1 constraints: 9c07c470)
com.google.errorprone:error_prone_annotations:2.3.4 (1 constraints: a007ca70)
com.google.guava:failureaccess:1.0.1 (1 constraints: 140ae1b4)
com.google.guava:guava:28.1-android (3 constraints: cd25bc46)
com.google.guava:listenablefuture:9999.0-empty-to-avoid-conflict-with-guava (1 constraints: bd17c918)
com.google.j2objc:j2objc-annotations:1.3 (1 constraints: b809eda0)
com.google.protobuf:protobuf-java:3.11.4 (2 constraints: 3d0f2c91)
io.grpc:grpc-api:1.28.0 (3 constraints: 411e56e6)
io.grpc:grpc-context:1.28.0 (1 constraints: d207a278)
io.grpc:grpc-protobuf:1.28.0 (1 constraints: 3d05453b)
io.grpc:grpc-protobuf-lite:1.28.0 (1 constraints: 090ae8b3)
io.grpc:grpc-stub:1.28.0 (1 constraints: 3d05453b)
org.checkerframework:checker-compat-qual:2.5.5 (1 constraints: 1e0af9b4)
org.codehaus.mojo:animal-sniffer-annotations:1.18 (1 constraints: 73072c69)
