# Run ./gradlew --write-locks to regenerate this file
com.google.api.grpc:proto-google-common-protos:1.17.0 (1 constraints: 070ae1b3)
com.google.code.findbugs:jsr305:3.0.2 (4 constraints: 3a25acba)
com.google.errorprone:error_prone_annotations:2.3.4 (4 constraints: 4a258cbd)
com.google.guava:failureaccess:1.0.1 (1 constraints: 140ae1b4)
com.google.guava:guava:29.0-android (4 constraints: d2302ce7)
com.google.guava:listenablefuture:9999.0-empty-to-avoid-conflict-with-guava (1 constraints: bd17c918)
com.google.j2objc:j2objc-annotations:1.3 (1 constraints: b809eda0)
com.google.protobuf:protobuf-java:3.12.4 (2 constraints: 3f0f5191)
io.grpc:grpc-api:1.31.0 (3 constraints: 2f1e07e4)
io.grpc:grpc-context:1.31.0 (1 constraints: cc079178)
io.grpc:grpc-protobuf:1.31.0 (1 constraints: 3705343b)
io.grpc:grpc-protobuf-lite:1.31.0 (1 constraints: 030ad7b3)
io.grpc:grpc-stub:1.31.0 (1 constraints: 3705343b)
org.checkerframework:checker-compat-qual:2.5.5 (1 constraints: 1e0af9b4)
org.codehaus.mojo:animal-sniffer-annotations:1.18 (4 constraints: 9624d143)
